
Microsoft Visual Studio Solution File, Format Version 12.00
# Visual Studio Version 17
VisualStudioVersion = 17.9.34616.47
MinimumVisualStudioVersion = 10.0.40219.1
Project("{FAE04EC0-301F-11D3-BF4B-00C04F79EFBC}") = "PaginaWebASP", "PaginaWebASP\PaginaWebASP.csproj", "{375E081A-B04E-41B5-874D-5F34C88AF2B9}"
EndProject
Project("{FAE04EC0-301F-11D3-BF4B-00C04F79EFBC}") = "Modelos", "Modelos\Modelos.csproj", "{AA2F4D9B-C3F9-4AF8-9735-089BAB3CDEF3}"
EndProject
Project("{FAE04EC0-301F-11D3-BF4B-00C04F79EFBC}") = "Datos", "Datos\Datos.csproj", "{189A4D19-D9FB-4C60-ACFC-CA7BCA1F45DE}"
EndProject
Global
	GlobalSection(SolutionConfigurationPlatforms) = preSolution
		Debug|Any CPU = Debug|Any CPU
		Release|Any CPU = Release|Any CPU
	EndGlobalSection
	GlobalSection(ProjectConfigurationPlatforms) = postSolution
		{375E081A-B04E-41B5-874D-5F34C88AF2B9}.Debug|Any CPU.ActiveCfg = Debug|Any CPU
		{375E081A-B04E-41B5-874D-5F34C88AF2B9}.Debug|Any CPU.Build.0 = Debug|Any CPU
		{375E081A-B04E-41B5-874D-5F34C88AF2B9}.Release|Any CPU.ActiveCfg = Release|Any CPU
		{375E081A-B04E-41B5-874D-5F34C88AF2B9}.Release|Any CPU.Build.0 = Release|Any CPU
		{AA2F4D9B-C3F9-4AF8-9735-089BAB3CDEF3}.Debug|Any CPU.ActiveCfg = Debug|Any CPU
		{AA2F4D9B-C3F9-4AF8-9735-089BAB3CDEF3}.Debug|Any CPU.Build.0 = Debug|Any CPU
		{AA2F4D9B-C3F9-4AF8-9735-089BAB3CDEF3}.Release|Any CPU.ActiveCfg = Release|Any CPU
		{AA2F4D9B-C3F9-4AF8-9735-089BAB3CDEF3}.Release|Any CPU.Build.0 = Release|Any CPU
		{189A4D19-D9FB-4C60-ACFC-CA7BCA1F45DE}.Debug|Any CPU.ActiveCfg = Debug|Any CPU
		{189A4D19-D9FB-4C60-ACFC-CA7BCA1F45DE}.Debug|Any CPU.Build.0 = Debug|Any CPU
		{189A4D19-D9FB-4C60-ACFC-CA7BCA1F45DE}.Release|Any CPU.ActiveCfg = Release|Any CPU
		{189A4D19-D9FB-4C60-ACFC-CA7BCA1F45DE}.Release|Any CPU.Build.0 = Release|Any CPU
	EndGlobalSection
	GlobalSection(SolutionProperties) = preSolution
		HideSolutionNode = FALSE
	EndGlobalSection
	GlobalSection(ExtensibilityGlobals) = postSolution
		SolutionGuid = {91679BE0-2831-435F-B5D9-1A7702169216}
	EndGlobalSection
EndGlobal
